
Microsoft Visual Studio Solution File, Format Version 12.00
# Visual Studio Version 17
VisualStudioVersion = 17.11.35219.272
MinimumVisualStudioVersion = 10.0.40219.1
Project("{FAE04EC0-301F-11D3-BF4B-00C04F79EFBC}") = "3.2", "3.2\3.2.csproj", "{8A3086C7-5590-4EA4-859E-C9997C568FE6}"
EndProject
Global
	GlobalSection(SolutionConfigurationPlatforms) = preSolution
		Debug|Any CPU = Debug|Any CPU
		Release|Any CPU = Release|Any CPU
	EndGlobalSection
	GlobalSection(ProjectConfigurationPlatforms) = postSolution
		{8A3086C7-5590-4EA4-859E-C9997C568FE6}.Debug|Any CPU.ActiveCfg = Debug|Any CPU
		{8A3086C7-5590-4EA4-859E-C9997C568FE6}.Debug|Any CPU.Build.0 = Debug|Any CPU
		{8A3086C7-5590-4EA4-859E-C9997C568FE6}.Release|Any CPU.ActiveCfg = Release|Any CPU
		{8A3086C7-5590-4EA4-859E-C9997C568FE6}.Release|Any CPU.Build.0 = Release|Any CPU
	EndGlobalSection
	GlobalSection(SolutionProperties) = preSolution
		HideSolutionNode = FALSE
	EndGlobalSection
	GlobalSection(ExtensibilityGlobals) = postSolution
		SolutionGuid = {5DC6D958-1349-49A4-8F52-9992A70504BB}
	EndGlobalSection
EndGlobal
